
Microsoft Visual Studio Solution File, Format Version 12.00
# Visual Studio Version 16
VisualStudioVersion = 16.0.29009.5
MinimumVisualStudioVersion = 10.0.40219.1
Project("{FAE04EC0-301F-11D3-BF4B-00C04F79EFBC}") = "WeatherStation", "WeatherStation\WeatherStation.csproj", "{97B062C9-ED2F-4C65-8DD5-C12109D3893D}"
EndProject
Project("{FAE04EC0-301F-11D3-BF4B-00C04F79EFBC}") = "WeatherStation.Common", "WeatherStation.Common\WeatherStation.Common.csproj", "{3AC85549-1E9D-4580-9F3C-52CE998953D8}"
EndProject
Project("{2150E333-8FDC-42A3-9474-1A3956D46DE8}") = "01 Common", "01 Common", "{40B7E51C-CDB8-41BF-8D67-E66558E1C4ED}"
EndProject
Project("{2150E333-8FDC-42A3-9474-1A3956D46DE8}") = "02 Models", "02 Models", "{23B108A2-6732-4C07-A47C-E4A69AEFF869}"
EndProject
Project("{2150E333-8FDC-42A3-9474-1A3956D46DE8}") = "03 Dtos", "03 Dtos", "{4A2DCA24-613C-40C8-A48E-398A952AF649}"
EndProject
Project("{2150E333-8FDC-42A3-9474-1A3956D46DE8}") = "04 Interfaces", "04 Interfaces", "{2131382D-D57D-42E3-A320-B9C4B8FBF8E0}"
EndProject
Project("{2150E333-8FDC-42A3-9474-1A3956D46DE8}") = "05 Repositories", "05 Repositories", "{29C0CCD8-BA81-411F-A818-3809F4C56CF0}"
EndProject
Project("{2150E333-8FDC-42A3-9474-1A3956D46DE8}") = "06 Services", "06 Services", "{CF113494-4246-482C-8875-3CC7A09F2755}"
EndProject
Project("{2150E333-8FDC-42A3-9474-1A3956D46DE8}") = "07 WebApi", "07 WebApi", "{04ACA931-8419-4CB5-BC60-78F1C145133A}"
EndProject
Project("{2150E333-8FDC-42A3-9474-1A3956D46DE8}") = "08 Tests", "08 Tests", "{995DFB25-10A2-4DDF-B9F7-E2011CE8298B}"
EndProject
Project("{FAE04EC0-301F-11D3-BF4B-00C04F79EFBC}") = "WeatherStation.WebApi", "WeatherStation.WebApi\WeatherStation.WebApi.csproj", "{2C1E489C-C5C8-4488-9FF9-EC466CFF5E58}"
EndProject
Project("{FAE04EC0-301F-11D3-BF4B-00C04F79EFBC}") = "WeatherStation.Services", "WeatherStation.Services\WeatherStation.Services.csproj", "{29B04D80-C04E-4972-A235-36A673CFEDD5}"
EndProject
Project("{FAE04EC0-301F-11D3-BF4B-00C04F79EFBC}") = "WeatherStation.Repositories", "WeatherStation.Repositories\WeatherStation.Repositories.csproj", "{7C8F6F94-C69F-4782-BF9D-05C15CE0018E}"
EndProject
Project("{FAE04EC0-301F-11D3-BF4B-00C04F79EFBC}") = "WeatherStation.Interfaces", "WeatherStation.Interfaces\WeatherStation.Interfaces.csproj", "{A7FA6BF6-95B6-4A90-8778-53369A557E5A}"
EndProject
Project("{FAE04EC0-301F-11D3-BF4B-00C04F79EFBC}") = "WeatherStation.Dtos", "WeatherStation.Dtos\WeatherStation.Dtos.csproj", "{D1CFAD61-8807-42CD-96CC-FB6778916DC5}"
EndProject
Project("{FAE04EC0-301F-11D3-BF4B-00C04F79EFBC}") = "WeatherStation.Models", "WeatherStation.Models\WeatherStation.Models.csproj", "{22A4AEE0-7C56-4079-BF33-D0B30BF3F4B3}"
EndProject
Global
	GlobalSection(SolutionConfigurationPlatforms) = preSolution
		Debug|Any CPU = Debug|Any CPU
		Release|Any CPU = Release|Any CPU
	EndGlobalSection
	GlobalSection(ProjectConfigurationPlatforms) = postSolution
		{97B062C9-ED2F-4C65-8DD5-C12109D3893D}.Debug|Any CPU.ActiveCfg = Debug|Any CPU
		{97B062C9-ED2F-4C65-8DD5-C12109D3893D}.Debug|Any CPU.Build.0 = Debug|Any CPU
		{97B062C9-ED2F-4C65-8DD5-C12109D3893D}.Release|Any CPU.ActiveCfg = Release|Any CPU
		{97B062C9-ED2F-4C65-8DD5-C12109D3893D}.Release|Any CPU.Build.0 = Release|Any CPU
		{3AC85549-1E9D-4580-9F3C-52CE998953D8}.Debug|Any CPU.ActiveCfg = Debug|Any CPU
		{3AC85549-1E9D-4580-9F3C-52CE998953D8}.Debug|Any CPU.Build.0 = Debug|Any CPU
		{3AC85549-1E9D-4580-9F3C-52CE998953D8}.Release|Any CPU.ActiveCfg = Release|Any CPU
		{3AC85549-1E9D-4580-9F3C-52CE998953D8}.Release|Any CPU.Build.0 = Release|Any CPU
		{2C1E489C-C5C8-4488-9FF9-EC466CFF5E58}.Debug|Any CPU.ActiveCfg = Debug|Any CPU
		{2C1E489C-C5C8-4488-9FF9-EC466CFF5E58}.Debug|Any CPU.Build.0 = Debug|Any CPU
		{2C1E489C-C5C8-4488-9FF9-EC466CFF5E58}.Release|Any CPU.ActiveCfg = Release|Any CPU
		{2C1E489C-C5C8-4488-9FF9-EC466CFF5E58}.Release|Any CPU.Build.0 = Release|Any CPU
		{29B04D80-C04E-4972-A235-36A673CFEDD5}.Debug|Any CPU.ActiveCfg = Debug|Any CPU
		{29B04D80-C04E-4972-A235-36A673CFEDD5}.Debug|Any CPU.Build.0 = Debug|Any CPU
		{29B04D80-C04E-4972-A235-36A673CFEDD5}.Release|Any CPU.ActiveCfg = Release|Any CPU
		{29B04D80-C04E-4972-A235-36A673CFEDD5}.Release|Any CPU.Build.0 = Release|Any CPU
		{7C8F6F94-C69F-4782-BF9D-05C15CE0018E}.Debug|Any CPU.ActiveCfg = Debug|Any CPU
		{7C8F6F94-C69F-4782-BF9D-05C15CE0018E}.Debug|Any CPU.Build.0 = Debug|Any CPU
		{7C8F6F94-C69F-4782-BF9D-05C15CE0018E}.Release|Any CPU.ActiveCfg = Release|Any CPU
		{7C8F6F94-C69F-4782-BF9D-05C15CE0018E}.Release|Any CPU.Build.0 = Release|Any CPU
		{A7FA6BF6-95B6-4A90-8778-53369A557E5A}.Debug|Any CPU.ActiveCfg = Debug|Any CPU
		{A7FA6BF6-95B6-4A90-8778-53369A557E5A}.Debug|Any CPU.Build.0 = Debug|Any CPU
		{A7FA6BF6-95B6-4A90-8778-53369A557E5A}.Release|Any CPU.ActiveCfg = Release|Any CPU
		{A7FA6BF6-95B6-4A90-8778-53369A557E5A}.Release|Any CPU.Build.0 = Release|Any CPU
		{D1CFAD61-8807-42CD-96CC-FB6778916DC5}.Debug|Any CPU.ActiveCfg = Debug|Any CPU
		{D1CFAD61-8807-42CD-96CC-FB6778916DC5}.Debug|Any CPU.Build.0 = Debug|Any CPU
		{D1CFAD61-8807-42CD-96CC-FB6778916DC5}.Release|Any CPU.ActiveCfg = Release|Any CPU
		{D1CFAD61-8807-42CD-96CC-FB6778916DC5}.Release|Any CPU.Build.0 = Release|Any CPU
		{22A4AEE0-7C56-4079-BF33-D0B30BF3F4B3}.Debug|Any CPU.ActiveCfg = Debug|Any CPU
		{22A4AEE0-7C56-4079-BF33-D0B30BF3F4B3}.Debug|Any CPU.Build.0 = Debug|Any CPU
		{22A4AEE0-7C56-4079-BF33-D0B30BF3F4B3}.Release|Any CPU.ActiveCfg = Release|Any CPU
		{22A4AEE0-7C56-4079-BF33-D0B30BF3F4B3}.Release|Any CPU.Build.0 = Release|Any CPU
	EndGlobalSection
	GlobalSection(SolutionProperties) = preSolution
		HideSolutionNode = FALSE
	EndGlobalSection
	GlobalSection(NestedProjects) = preSolution
		{3AC85549-1E9D-4580-9F3C-52CE998953D8} = {40B7E51C-CDB8-41BF-8D67-E66558E1C4ED}
		{2C1E489C-C5C8-4488-9FF9-EC466CFF5E58} = {04ACA931-8419-4CB5-BC60-78F1C145133A}
		{29B04D80-C04E-4972-A235-36A673CFEDD5} = {CF113494-4246-482C-8875-3CC7A09F2755}
		{7C8F6F94-C69F-4782-BF9D-05C15CE0018E} = {29C0CCD8-BA81-411F-A818-3809F4C56CF0}
		{A7FA6BF6-95B6-4A90-8778-53369A557E5A} = {2131382D-D57D-42E3-A320-B9C4B8FBF8E0}
		{D1CFAD61-8807-42CD-96CC-FB6778916DC5} = {4A2DCA24-613C-40C8-A48E-398A952AF649}
		{22A4AEE0-7C56-4079-BF33-D0B30BF3F4B3} = {23B108A2-6732-4C07-A47C-E4A69AEFF869}
	EndGlobalSection
	GlobalSection(ExtensibilityGlobals) = postSolution
		SolutionGuid = {AB836E9E-0A1C-45B0-BC49-77FB59544EBE}
	EndGlobalSection
EndGlobal
